
Microsoft Visual Studio Solution File, Format Version 12.00
# Visual Studio 14
VisualStudioVersion = 14.0.25420.1
MinimumVisualStudioVersion = 10.0.40219.1
Project("{2150E333-8FDC-42A3-9474-1A3956D46DE8}") = "src", "src", "{142BC20C-2AF2-4D0F-92FD-7F0047A344EB}"
EndProject
Project("{2150E333-8FDC-42A3-9474-1A3956D46DE8}") = "Solution Items", "Solution Items", "{7BA19656-000F-4838-9E92-E78C3AF55E0C}"
	ProjectSection(SolutionItems) = preProject
		global.json = global.json
	EndProjectSection
EndProject
Project("{8BB2217D-0F2D-49D1-97BC-3654ED321F3B}") = "CoreApp", "src\CoreApp\CoreApp.xproj", "{1B77C74C-94D1-4FD7-8A0F-285EFF07B3E3}"
EndProject
Global
	GlobalSection(SolutionConfigurationPlatforms) = preSolution
		Debug|Any CPU = Debug|Any CPU
		Release|Any CPU = Release|Any CPU
	EndGlobalSection
	GlobalSection(ProjectConfigurationPlatforms) = postSolution
		{1B77C74C-94D1-4FD7-8A0F-285EFF07B3E3}.Debug|Any CPU.ActiveCfg = Debug|Any CPU
		{1B77C74C-94D1-4FD7-8A0F-285EFF07B3E3}.Debug|Any CPU.Build.0 = Debug|Any CPU
		{1B77C74C-94D1-4FD7-8A0F-285EFF07B3E3}.Release|Any CPU.ActiveCfg = Release|Any CPU
		{1B77C74C-94D1-4FD7-8A0F-285EFF07B3E3}.Release|Any CPU.Build.0 = Release|Any CPU
	EndGlobalSection
	GlobalSection(SolutionProperties) = preSolution
		HideSolutionNode = FALSE
	EndGlobalSection
	GlobalSection(NestedProjects) = preSolution
		{1B77C74C-94D1-4FD7-8A0F-285EFF07B3E3} = {142BC20C-2AF2-4D0F-92FD-7F0047A344EB}
	EndGlobalSection
EndGlobal
